
Microsoft Visual Studio Solution File, Format Version 12.00
# Visual Studio Version 17
VisualStudioVersion = 17.0.31903.59
MinimumVisualStudioVersion = 10.0.40219.1
Project("{FAE04EC0-301F-11D3-BF4B-00C04F79EFBC}") = "PSWindowsUpdateGui", "src\PSWindowsUpdateGui\PSWindowsUpdateGui.csproj", "{CA9D29C2-7AA7-4A84-A905-90F4804E7C64}"
EndProject
Project("{FAE04EC0-301F-11D3-BF4B-00C04F79EFBC}") = "PSWindowsUpdateGui.Tests", "tests\PSWindowsUpdateGui.Tests\PSWindowsUpdateGui.Tests.csproj", "{B2E4496E-9816-487F-BB12-3B5B05B8D4B9}"
EndProject
Project("{2150E333-8FDC-42A3-9474-1A3956D46DE8}") = "tests", "tests", "{0AB3BF05-4346-4AA6-1389-037BE0695223}"
EndProject
Project("{FAE04EC0-301F-11D3-BF4B-00C04F79EFBC}") = "PSWindowsUpdateGui.Acceptance", "tests\PSWindowsUpdateGui.Acceptance\PSWindowsUpdateGui.Acceptance.csproj", "{909A2504-A985-4D80-B925-3A104B7E0B04}"
EndProject
Project("{2150E333-8FDC-42A3-9474-1A3956D46DE8}") = "src", "src", "{827E0CD3-B72D-47B6-A68D-7590B98EB39B}"
EndProject
Global
	GlobalSection(SolutionConfigurationPlatforms) = preSolution
		Debug|x64 = Debug|x64
		Debug|Any CPU = Debug|Any CPU
		Debug|x86 = Debug|x86
		Release|x64 = Release|x64
		Release|Any CPU = Release|Any CPU
		Release|x86 = Release|x86
	EndGlobalSection
	GlobalSection(ProjectConfigurationPlatforms) = postSolution
		{CA9D29C2-7AA7-4A84-A905-90F4804E7C64}.Debug|x64.ActiveCfg = Debug|x64
		{CA9D29C2-7AA7-4A84-A905-90F4804E7C64}.Debug|x64.Build.0 = Debug|x64
		{CA9D29C2-7AA7-4A84-A905-90F4804E7C64}.Debug|Any CPU.ActiveCfg = Debug|Any CPU
		{CA9D29C2-7AA7-4A84-A905-90F4804E7C64}.Debug|Any CPU.Build.0 = Debug|Any CPU
		{CA9D29C2-7AA7-4A84-A905-90F4804E7C64}.Debug|x86.ActiveCfg = Debug|Any CPU
		{CA9D29C2-7AA7-4A84-A905-90F4804E7C64}.Debug|x86.Build.0 = Debug|Any CPU
		{CA9D29C2-7AA7-4A84-A905-90F4804E7C64}.Release|x64.ActiveCfg = Release|x64
		{CA9D29C2-7AA7-4A84-A905-90F4804E7C64}.Release|x64.Build.0 = Release|x64
		{CA9D29C2-7AA7-4A84-A905-90F4804E7C64}.Release|Any CPU.ActiveCfg = Release|Any CPU
		{CA9D29C2-7AA7-4A84-A905-90F4804E7C64}.Release|Any CPU.Build.0 = Release|Any CPU
		{CA9D29C2-7AA7-4A84-A905-90F4804E7C64}.Release|x86.ActiveCfg = Release|Any CPU
		{CA9D29C2-7AA7-4A84-A905-90F4804E7C64}.Release|x86.Build.0 = Release|Any CPU
		{B2E4496E-9816-487F-BB12-3B5B05B8D4B9}.Debug|x64.ActiveCfg = Debug|x64
		{B2E4496E-9816-487F-BB12-3B5B05B8D4B9}.Debug|x64.Build.0 = Debug|x64
		{B2E4496E-9816-487F-BB12-3B5B05B8D4B9}.Debug|Any CPU.ActiveCfg = Debug|Any CPU
		{B2E4496E-9816-487F-BB12-3B5B05B8D4B9}.Debug|Any CPU.Build.0 = Debug|Any CPU
		{B2E4496E-9816-487F-BB12-3B5B05B8D4B9}.Debug|x86.ActiveCfg = Debug|Any CPU
		{B2E4496E-9816-487F-BB12-3B5B05B8D4B9}.Debug|x86.Build.0 = Debug|Any CPU
		{B2E4496E-9816-487F-BB12-3B5B05B8D4B9}.Release|x64.ActiveCfg = Release|x64
		{B2E4496E-9816-487F-BB12-3B5B05B8D4B9}.Release|x64.Build.0 = Release|x64
		{B2E4496E-9816-487F-BB12-3B5B05B8D4B9}.Release|Any CPU.ActiveCfg = Release|Any CPU
		{B2E4496E-9816-487F-BB12-3B5B05B8D4B9}.Release|Any CPU.Build.0 = Release|Any CPU
		{B2E4496E-9816-487F-BB12-3B5B05B8D4B9}.Release|x86.ActiveCfg = Release|Any CPU
		{B2E4496E-9816-487F-BB12-3B5B05B8D4B9}.Release|x86.Build.0 = Release|Any CPU
		{909A2504-A985-4D80-B925-3A104B7E0B04}.Debug|x64.ActiveCfg = Debug|x64
		{909A2504-A985-4D80-B925-3A104B7E0B04}.Debug|x64.Build.0 = Debug|x64
		{909A2504-A985-4D80-B925-3A104B7E0B04}.Debug|Any CPU.ActiveCfg = Debug|x64
		{909A2504-A985-4D80-B925-3A104B7E0B04}.Debug|Any CPU.Build.0 = Debug|x64
		{909A2504-A985-4D80-B925-3A104B7E0B04}.Debug|x86.ActiveCfg = Debug|x64
		{909A2504-A985-4D80-B925-3A104B7E0B04}.Debug|x86.Build.0 = Debug|x64
		{909A2504-A985-4D80-B925-3A104B7E0B04}.Release|x64.ActiveCfg = Release|x64
		{909A2504-A985-4D80-B925-3A104B7E0B04}.Release|x64.Build.0 = Release|x64
		{909A2504-A985-4D80-B925-3A104B7E0B04}.Release|Any CPU.ActiveCfg = Release|x64
		{909A2504-A985-4D80-B925-3A104B7E0B04}.Release|Any CPU.Build.0 = Release|x64
		{909A2504-A985-4D80-B925-3A104B7E0B04}.Release|x86.ActiveCfg = Release|x64
		{909A2504-A985-4D80-B925-3A104B7E0B04}.Release|x86.Build.0 = Release|x64
	EndGlobalSection
	GlobalSection(SolutionProperties) = preSolution
		HideSolutionNode = FALSE
	EndGlobalSection
	GlobalSection(NestedProjects) = preSolution
		{909A2504-A985-4D80-B925-3A104B7E0B04} = {0AB3BF05-4346-4AA6-1389-037BE0695223}
	EndGlobalSection
EndGlobal
