
Microsoft Visual Studio Solution File, Format Version 12.00
# Visual Studio Version 17
VisualStudioVersion = 17.0.31903.59
MinimumVisualStudioVersion = 10.0.40219.1
Project("{FAE04EC0-301F-11D3-BF4B-00C04F79EFBC}") = "PSWindowsUpdateGui", "src\PSWindowsUpdateGui\PSWindowsUpdateGui.csproj", "{CA9D29C2-7AA7-4A84-A905-90F4804E7C64}"
EndProject
Project("{FAE04EC0-301F-11D3-BF4B-00C04F79EFBC}") = "PSWindowsUpdateGui.Tests", "tests\PSWindowsUpdateGui.Tests\PSWindowsUpdateGui.Tests.csproj", "{B2E4496E-9816-487F-BB12-3B5B05B8D4B9}"
EndProject
Global
	GlobalSection(SolutionConfigurationPlatforms) = preSolution
		Debug|x64 = Debug|x64
		Release|x64 = Release|x64
	EndGlobalSection
	GlobalSection(ProjectConfigurationPlatforms) = postSolution
		{CA9D29C2-7AA7-4A84-A905-90F4804E7C64}.Debug|x64.ActiveCfg = Debug|x64
		{CA9D29C2-7AA7-4A84-A905-90F4804E7C64}.Debug|x64.Build.0 = Debug|x64
		{CA9D29C2-7AA7-4A84-A905-90F4804E7C64}.Release|x64.ActiveCfg = Release|x64
		{CA9D29C2-7AA7-4A84-A905-90F4804E7C64}.Release|x64.Build.0 = Release|x64
		{B2E4496E-9816-487F-BB12-3B5B05B8D4B9}.Debug|x64.ActiveCfg = Debug|x64
		{B2E4496E-9816-487F-BB12-3B5B05B8D4B9}.Debug|x64.Build.0 = Debug|x64
		{B2E4496E-9816-487F-BB12-3B5B05B8D4B9}.Release|x64.ActiveCfg = Release|x64
		{B2E4496E-9816-487F-BB12-3B5B05B8D4B9}.Release|x64.Build.0 = Release|x64
	EndGlobalSection
EndGlobal
